
Microsoft Visual Studio Solution File, Format Version 12.00
# Visual Studio Version 17
VisualStudioVersion = 17.5.002.0
MinimumVisualStudioVersion = 10.0.40219.1
Project("{9A19103F-16F7-4668-BE54-9A1E7A4F7556}") = "AITravelAgent", "AITravelAgent.csproj", "{04796731-6D44-4723-B030-C0B87CCD49B7}"
EndProject
Global
	GlobalSection(SolutionConfigurationPlatforms) = preSolution
		Debug|Any CPU = Debug|Any CPU
		Release|Any CPU = Release|Any CPU
	EndGlobalSection
	GlobalSection(ProjectConfigurationPlatforms) = postSolution
		{04796731-6D44-4723-B030-C0B87CCD49B7}.Debug|Any CPU.ActiveCfg = Debug|Any CPU
		{04796731-6D44-4723-B030-C0B87CCD49B7}.Debug|Any CPU.Build.0 = Debug|Any CPU
		{04796731-6D44-4723-B030-C0B87CCD49B7}.Release|Any CPU.ActiveCfg = Release|Any CPU
		{04796731-6D44-4723-B030-C0B87CCD49B7}.Release|Any CPU.Build.0 = Release|Any CPU
	EndGlobalSection
	GlobalSection(SolutionProperties) = preSolution
		HideSolutionNode = FALSE
	EndGlobalSection
	GlobalSection(ExtensibilityGlobals) = postSolution
		SolutionGuid = {ECAB678E-9751-49B9-B3AA-ED70CD09914E}
	EndGlobalSection
EndGlobal
